
Microsoft Visual Studio Solution File, Format Version 12.00
Project("{FAE04EC0-301F-11D3-BF4B-00C04F79EFBC}") = "TicTacToeTests", "TicTacToeTests\TicTacToeTests.csproj", "{E2797761-F9A3-4970-BE9E-3512C7F682C9}"
EndProject
Project("{FAE04EC0-301F-11D3-BF4B-00C04F79EFBC}") = "TicTacToe", "TicTacToe\TicTacToe.csproj", "{68EAF9AD-DBFC-421B-BE05-C8D9A984D773}"
EndProject
Project("{FAE04EC0-301F-11D3-BF4B-00C04F79EFBC}") = "TicTacToeConsole", "TicTacToeConsole\TicTacToeConsole.csproj", "{B1061E38-50BB-470A-8013-BD70DCF0778C}"
EndProject
Global
	GlobalSection(SolutionConfigurationPlatforms) = preSolution
		Debug|Any CPU = Debug|Any CPU
		Release|Any CPU = Release|Any CPU
	EndGlobalSection
	GlobalSection(ProjectConfigurationPlatforms) = postSolution
		{E2797761-F9A3-4970-BE9E-3512C7F682C9}.Debug|Any CPU.ActiveCfg = Debug|Any CPU
		{E2797761-F9A3-4970-BE9E-3512C7F682C9}.Debug|Any CPU.Build.0 = Debug|Any CPU
		{E2797761-F9A3-4970-BE9E-3512C7F682C9}.Release|Any CPU.ActiveCfg = Release|Any CPU
		{E2797761-F9A3-4970-BE9E-3512C7F682C9}.Release|Any CPU.Build.0 = Release|Any CPU
		{68EAF9AD-DBFC-421B-BE05-C8D9A984D773}.Debug|Any CPU.ActiveCfg = Debug|Any CPU
		{68EAF9AD-DBFC-421B-BE05-C8D9A984D773}.Debug|Any CPU.Build.0 = Debug|Any CPU
		{68EAF9AD-DBFC-421B-BE05-C8D9A984D773}.Release|Any CPU.ActiveCfg = Release|Any CPU
		{68EAF9AD-DBFC-421B-BE05-C8D9A984D773}.Release|Any CPU.Build.0 = Release|Any CPU
		{B1061E38-50BB-470A-8013-BD70DCF0778C}.Debug|Any CPU.ActiveCfg = Debug|Any CPU
		{B1061E38-50BB-470A-8013-BD70DCF0778C}.Debug|Any CPU.Build.0 = Debug|Any CPU
		{B1061E38-50BB-470A-8013-BD70DCF0778C}.Release|Any CPU.ActiveCfg = Release|Any CPU
		{B1061E38-50BB-470A-8013-BD70DCF0778C}.Release|Any CPU.Build.0 = Release|Any CPU
	EndGlobalSection
EndGlobal
